// !$*UTF8*$!
{
	archiveVersion = 1;
	classes = {
	};
	objectVersion = 46;
	objects = {

/* Begin PBXBuildFile section */
		001E90081D74ACA70007D6A8 /* TimePunchTableViewCell.swift in Sources */ = {isa = PBXBuildFile; fileRef = 001E90061D74ACA70007D6A8 /* TimePunchTableViewCell.swift */; };
		001E90091D74ACA70007D6A8 /* TimePunchTableViewCell.xib in Resources */ = {isa = PBXBuildFile; fileRef = 001E90071D74ACA70007D6A8 /* TimePunchTableViewCell.xib */; };
		009CE1D61D6F6AA1006FF612 /* DateFormatting.swift in Sources */ = {isa = PBXBuildFile; fileRef = 009CE1D51D6F6AA1006FF612 /* DateFormatting.swift */; };
		00A4B3751D74BFB7007C9F37 /* WeekHoursTableViewCell.swift in Sources */ = {isa = PBXBuildFile; fileRef = 00A4B3731D74BFB7007C9F37 /* WeekHoursTableViewCell.swift */; };
		00A4B3761D74BFB7007C9F37 /* WeekHoursTableViewCell.xib in Resources */ = {isa = PBXBuildFile; fileRef = 00A4B3741D74BFB7007C9F37 /* WeekHoursTableViewCell.xib */; };
		00E628EA1D7E298600FAD498 /* extensions.swift in Sources */ = {isa = PBXBuildFile; fileRef = 00E628E91D7E298600FAD498 /* extensions.swift */; };
		00F066F41D656334003F5EAE /* AppDelegate.swift in Sources */ = {isa = PBXBuildFile; fileRef = 00F066F31D656334003F5EAE /* AppDelegate.swift */; };
		00F066F91D656334003F5EAE /* Main.storyboard in Resources */ = {isa = PBXBuildFile; fileRef = 00F066F71D656334003F5EAE /* Main.storyboard */; };
		00F066FB1D656334003F5EAE /* Assets.xcassets in Resources */ = {isa = PBXBuildFile; fileRef = 00F066FA1D656334003F5EAE /* Assets.xcassets */; };
		00F066FE1D656334003F5EAE /* LaunchScreen.storyboard in Resources */ = {isa = PBXBuildFile; fileRef = 00F066FC1D656334003F5EAE /* LaunchScreen.storyboard */; };
		00F067061D65637F003F5EAE /* Podfile in Resources */ = {isa = PBXBuildFile; fileRef = 00F067051D65637F003F5EAE /* Podfile */; };
		00F067081D6633A1003F5EAE /* TodayViewController.swift in Sources */ = {isa = PBXBuildFile; fileRef = 00F067071D6633A1003F5EAE /* TodayViewController.swift */; };
		00F0670A1D667EB9003F5EAE /* Realm_Models.swift in Sources */ = {isa = PBXBuildFile; fileRef = 00F067091D667EB9003F5EAE /* Realm_Models.swift */; };
		00F159C61D79FF9D009554E8 /* DA_Workday.swift in Sources */ = {isa = PBXBuildFile; fileRef = 00F159C51D79FF9D009554E8 /* DA_Workday.swift */; };
		E11325F50B818E27DBD213A1 /* Pods_tractwork.framework in Frameworks */ = {isa = PBXBuildFile; fileRef = 312B76FB39A2CF8D349CC3E2 /* Pods_tractwork.framework */; };
/* End PBXBuildFile section */

/* Begin PBXFileReference section */
		001E90061D74ACA70007D6A8 /* TimePunchTableViewCell.swift */ = {isa = PBXFileReference; fileEncoding = 4; lastKnownFileType = sourcecode.swift; path = TimePunchTableViewCell.swift; sourceTree = "<group>"; };
		001E90071D74ACA70007D6A8 /* TimePunchTableViewCell.xib */ = {isa = PBXFileReference; fileEncoding = 4; lastKnownFileType = file.xib; path = TimePunchTableViewCell.xib; sourceTree = "<group>"; };
		009CE1D51D6F6AA1006FF612 /* DateFormatting.swift */ = {isa = PBXFileReference; fileEncoding = 4; lastKnownFileType = sourcecode.swift; path = DateFormatting.swift; sourceTree = "<group>"; };
		00A4B3731D74BFB7007C9F37 /* WeekHoursTableViewCell.swift */ = {isa = PBXFileReference; fileEncoding = 4; lastKnownFileType = sourcecode.swift; path = WeekHoursTableViewCell.swift; sourceTree = "<group>"; };
		00A4B3741D74BFB7007C9F37 /* WeekHoursTableViewCell.xib */ = {isa = PBXFileReference; fileEncoding = 4; lastKnownFileType = file.xib; path = WeekHoursTableViewCell.xib; sourceTree = "<group>"; };
		00E628E91D7E298600FAD498 /* extensions.swift */ = {isa = PBXFileReference; fileEncoding = 4; lastKnownFileType = sourcecode.swift; path = extensions.swift; sourceTree = "<group>"; };
		00F066F01D656334003F5EAE /* tractwork.app */ = {isa = PBXFileReference; explicitFileType = wrapper.application; includeInIndex = 0; path = tractwork.app; sourceTree = BUILT_PRODUCTS_DIR; };
		00F066F31D656334003F5EAE /* AppDelegate.swift */ = {isa = PBXFileReference; lastKnownFileType = sourcecode.swift; path = AppDelegate.swift; sourceTree = "<group>"; };
		00F066F81D656334003F5EAE /* Base */ = {isa = PBXFileReference; lastKnownFileType = file.storyboard; name = Base; path = Base.lproj/Main.storyboard; sourceTree = "<group>"; };
		00F066FA1D656334003F5EAE /* Assets.xcassets */ = {isa = PBXFileReference; lastKnownFileType = folder.assetcatalog; path = Assets.xcassets; sourceTree = "<group>"; };
		00F066FD1D656334003F5EAE /* Base */ = {isa = PBXFileReference; lastKnownFileType = file.storyboard; name = Base; path = Base.lproj/LaunchScreen.storyboard; sourceTree = "<group>"; };
		00F066FF1D656334003F5EAE /* Info.plist */ = {isa = PBXFileReference; lastKnownFileType = text.plist.xml; path = Info.plist; sourceTree = "<group>"; };
		00F067051D65637F003F5EAE /* Podfile */ = {isa = PBXFileReference; fileEncoding = 4; lastKnownFileType = text; path = Podfile; sourceTree = "<group>"; xcLanguageSpecificationIdentifier = xcode.lang.ruby; };
		00F067071D6633A1003F5EAE /* TodayViewController.swift */ = {isa = PBXFileReference; fileEncoding = 4; lastKnownFileType = sourcecode.swift; name = TodayViewController.swift; path = ../TodayViewController.swift; sourceTree = "<group>"; };
		00F067091D667EB9003F5EAE /* Realm_Models.swift */ = {isa = PBXFileReference; fileEncoding = 4; lastKnownFileType = sourcecode.swift; path = Realm_Models.swift; sourceTree = "<group>"; };
		00F159C51D79FF9D009554E8 /* DA_Workday.swift */ = {isa = PBXFileReference; fileEncoding = 4; lastKnownFileType = sourcecode.swift; path = DA_Workday.swift; sourceTree = "<group>"; };
		095D54C0F201AEC4EA00893D /* Pods-tractwork.release.xcconfig */ = {isa = PBXFileReference; includeInIndex = 1; lastKnownFileType = text.xcconfig; name = "Pods-tractwork.release.xcconfig"; path = "Pods/Target Support Files/Pods-tractwork/Pods-tractwork.release.xcconfig"; sourceTree = "<group>"; };
		312B76FB39A2CF8D349CC3E2 /* Pods_tractwork.framework */ = {isa = PBXFileReference; explicitFileType = wrapper.framework; includeInIndex = 0; path = Pods_tractwork.framework; sourceTree = BUILT_PRODUCTS_DIR; };
		B1942B52D2B1341201A8D69F /* Pods-tractwork.debug.xcconfig */ = {isa = PBXFileReference; includeInIndex = 1; lastKnownFileType = text.xcconfig; name = "Pods-tractwork.debug.xcconfig"; path = "Pods/Target Support Files/Pods-tractwork/Pods-tractwork.debug.xcconfig"; sourceTree = "<group>"; };
/* End PBXFileReference section */

/* Begin PBXFrameworksBuildPhase section */
		00F066ED1D656333003F5EAE /* Frameworks */ = {
			isa = PBXFrameworksBuildPhase;
			buildActionMask = 2147483647;
			files = (
				E11325F50B818E27DBD213A1 /* Pods_tractwork.framework in Frameworks */,
			);
			runOnlyForDeploymentPostprocessing = 0;
		};
/* End PBXFrameworksBuildPhase section */

/* Begin PBXGroup section */
		001E900E1D74AF8F0007D6A8 /* nibs */ = {
			isa = PBXGroup;
			children = (
				001E90061D74ACA70007D6A8 /* TimePunchTableViewCell.swift */,
				001E90071D74ACA70007D6A8 /* TimePunchTableViewCell.xib */,
				00A4B3731D74BFB7007C9F37 /* WeekHoursTableViewCell.swift */,
				00A4B3741D74BFB7007C9F37 /* WeekHoursTableViewCell.xib */,
			);
			name = nibs;
			sourceTree = "<group>";
		};
		001E900F1D74AFB30007D6A8 /* Data */ = {
			isa = PBXGroup;
			children = (
				00F067091D667EB9003F5EAE /* Realm_Models.swift */,
				009CE1D51D6F6AA1006FF612 /* DateFormatting.swift */,
				00F159C51D79FF9D009554E8 /* DA_Workday.swift */,
			);
			name = Data;
			sourceTree = "<group>";
		};
		001E90101D74AFD50007D6A8 /* Support Files */ = {
			isa = PBXGroup;
			children = (
				00F066FC1D656334003F5EAE /* LaunchScreen.storyboard */,
				00F066F31D656334003F5EAE /* AppDelegate.swift */,
				00F066FA1D656334003F5EAE /* Assets.xcassets */,
				00F066FF1D656334003F5EAE /* Info.plist */,
				00E628E91D7E298600FAD498 /* extensions.swift */,
			);
			name = "Support Files";
			sourceTree = "<group>";
		};
		00F066E71D656333003F5EAE = {
			isa = PBXGroup;
			children = (
				00F066F21D656334003F5EAE /* tractwork */,
				00F066F11D656334003F5EAE /* Products */,
				00F067051D65637F003F5EAE /* Podfile */,
				4A5718B471E26F5EDFC5B1E0 /* Pods */,
				DA2EB02510CEF5BCA1763A00 /* Frameworks */,
			);
			sourceTree = "<group>";
		};
		00F066F11D656334003F5EAE /* Products */ = {
			isa = PBXGroup;
			children = (
				00F066F01D656334003F5EAE /* tractwork.app */,
			);
			name = Products;
			sourceTree = "<group>";
		};
		00F066F21D656334003F5EAE /* tractwork */ = {
			isa = PBXGroup;
			children = (
				00F066F71D656334003F5EAE /* Main.storyboard */,
				00F067071D6633A1003F5EAE /* TodayViewController.swift */,
				001E900E1D74AF8F0007D6A8 /* nibs */,
				001E900F1D74AFB30007D6A8 /* Data */,
				001E90101D74AFD50007D6A8 /* Support Files */,
			);
			path = tractwork;
			sourceTree = "<group>";
		};
		4A5718B471E26F5EDFC5B1E0 /* Pods */ = {
			isa = PBXGroup;
			children = (
				B1942B52D2B1341201A8D69F /* Pods-tractwork.debug.xcconfig */,
				095D54C0F201AEC4EA00893D /* Pods-tractwork.release.xcconfig */,
			);
			name = Pods;
			sourceTree = "<group>";
		};
		DA2EB02510CEF5BCA1763A00 /* Frameworks */ = {
			isa = PBXGroup;
			children = (
				312B76FB39A2CF8D349CC3E2 /* Pods_tractwork.framework */,
			);
			name = Frameworks;
			sourceTree = "<group>";
		};
/* End PBXGroup section */

/* Begin PBXNativeTarget section */
		00F066EF1D656333003F5EAE /* tractwork */ = {
			isa = PBXNativeTarget;
			buildConfigurationList = 00F067021D656334003F5EAE /* Build configuration list for PBXNativeTarget "tractwork" */;
			buildPhases = (
				A81ECBBFE3CAF2B963E8D8A7 /* [CP] Check Pods Manifest.lock */,
				00F066EC1D656333003F5EAE /* Sources */,
				00F066ED1D656333003F5EAE /* Frameworks */,
				00F066EE1D656333003F5EAE /* Resources */,
				289206E6267CF45C39E450E0 /* [CP] Embed Pods Frameworks */,
				BF4BF9557187F48E5C37029A /* [CP] Copy Pods Resources */,
			);
			buildRules = (
			);
			dependencies = (
			);
			name = tractwork;
			productName = tractwork;
			productReference = 00F066F01D656334003F5EAE /* tractwork.app */;
			productType = "com.apple.product-type.application";
		};
/* End PBXNativeTarget section */

/* Begin PBXProject section */
		00F066E81D656333003F5EAE /* Project object */ = {
			isa = PBXProject;
			attributes = {
				LastSwiftUpdateCheck = 0730;
				LastUpgradeCheck = 0730;
				ORGANIZATIONNAME = diligentagility;
				TargetAttributes = {
					00F066EF1D656333003F5EAE = {
						CreatedOnToolsVersion = 7.3.1;
						DevelopmentTeam = LWH67H9CS7;
					};
				};
			};
			buildConfigurationList = 00F066EB1D656333003F5EAE /* Build configuration list for PBXProject "tractwork" */;
			compatibilityVersion = "Xcode 3.2";
			developmentRegion = English;
			hasScannedForEncodings = 0;
			knownRegions = (
				en,
				Base,
			);
			mainGroup = 00F066E71D656333003F5EAE;
			productRefGroup = 00F066F11D656334003F5EAE /* Products */;
			projectDirPath = "";
			projectRoot = "";
			targets = (
				00F066EF1D656333003F5EAE /* tractwork */,
			);
		};
/* End PBXProject section */

/* Begin PBXResourcesBuildPhase section */
		00F066EE1D656333003F5EAE /* Resources */ = {
			isa = PBXResourcesBuildPhase;
			buildActionMask = 2147483647;
			files = (
				001E90091D74ACA70007D6A8 /* TimePunchTableViewCell.xib in Resources */,
				00F066FE1D656334003F5EAE /* LaunchScreen.storyboard in Resources */,
				00F066FB1D656334003F5EAE /* Assets.xcassets in Resources */,
				00A4B3761D74BFB7007C9F37 /* WeekHoursTableViewCell.xib in Resources */,
				00F067061D65637F003F5EAE /* Podfile in Resources */,
				00F066F91D656334003F5EAE /* Main.storyboard in Resources */,
			);
			runOnlyForDeploymentPostprocessing = 0;
		};
/* End PBXResourcesBuildPhase section */

/* Begin PBXShellScriptBuildPhase section */
		289206E6267CF45C39E450E0 /* [CP] Embed Pods Frameworks */ = {
			isa = PBXShellScriptBuildPhase;
			buildActionMask = 2147483647;
			files = (
			);
			inputPaths = (
			);
			name = "[CP] Embed Pods Frameworks";
			outputPaths = (
			);
			runOnlyForDeploymentPostprocessing = 0;
			shellPath = /bin/sh;
			shellScript = "\"${SRCROOT}/Pods/Target Support Files/Pods-tractwork/Pods-tractwork-frameworks.sh\"\n";
			showEnvVarsInLog = 0;
		};
		A81ECBBFE3CAF2B963E8D8A7 /* [CP] Check Pods Manifest.lock */ = {
			isa = PBXShellScriptBuildPhase;
			buildActionMask = 2147483647;
			files = (
			);
			inputPaths = (
			);
			name = "[CP] Check Pods Manifest.lock";
			outputPaths = (
			);
			runOnlyForDeploymentPostprocessing = 0;
			shellPath = /bin/sh;
			shellScript = "diff \"${PODS_ROOT}/../Podfile.lock\" \"${PODS_ROOT}/Manifest.lock\" > /dev/null\nif [[ $? != 0 ]] ; then\n    cat << EOM\nerror: The sandbox is not in sync with the Podfile.lock. Run 'pod install' or update your CocoaPods installation.\nEOM\n    exit 1\nfi\n";
			showEnvVarsInLog = 0;
		};
		BF4BF9557187F48E5C37029A /* [CP] Copy Pods Resources */ = {
			isa = PBXShellScriptBuildPhase;
			buildActionMask = 2147483647;
			files = (
			);
			inputPaths = (
			);
			name = "[CP] Copy Pods Resources";
			outputPaths = (
			);
			runOnlyForDeploymentPostprocessing = 0;
			shellPath = /bin/sh;
			shellScript = "\"${SRCROOT}/Pods/Target Support Files/Pods-tractwork/Pods-tractwork-resources.sh\"\n";
			showEnvVarsInLog = 0;
		};
/* End PBXShellScriptBuildPhase section */

/* Begin PBXSourcesBuildPhase section */
		00F066EC1D656333003F5EAE /* Sources */ = {
			isa = PBXSourcesBuildPhase;
			buildActionMask = 2147483647;
			files = (
				00F159C61D79FF9D009554E8 /* DA_Workday.swift in Sources */,
				009CE1D61D6F6AA1006FF612 /* DateFormatting.swift in Sources */,
				00A4B3751D74BFB7007C9F37 /* WeekHoursTableViewCell.swift in Sources */,
				00E628EA1D7E298600FAD498 /* extensions.swift in Sources */,
				00F0670A1D667EB9003F5EAE /* Realm_Models.swift in Sources */,
				001E90081D74ACA70007D6A8 /* TimePunchTableViewCell.swift in Sources */,
				00F066F41D656334003F5EAE /* AppDelegate.swift in Sources */,
				00F067081D6633A1003F5EAE /* TodayViewController.swift in Sources */,
			);
			runOnlyForDeploymentPostprocessing = 0;
		};
/* End PBXSourcesBuildPhase section */

/* Begin PBXVariantGroup section */
		00F066F71D656334003F5EAE /* Main.storyboard */ = {
			isa = PBXVariantGroup;
			children = (
				00F066F81D656334003F5EAE /* Base */,
			);
			name = Main.storyboard;
			sourceTree = "<group>";
		};
		00F066FC1D656334003F5EAE /* LaunchScreen.storyboard */ = {
			isa = PBXVariantGroup;
			children = (
				00F066FD1D656334003F5EAE /* Base */,
			);
			name = LaunchScreen.storyboard;
			sourceTree = "<group>";
		};
/* End PBXVariantGroup section */

/* Begin XCBuildConfiguration section */
		00F067001D656334003F5EAE /* Debug */ = {
			isa = XCBuildConfiguration;
			buildSettings = {
				ALWAYS_SEARCH_USER_PATHS = NO;
				CLANG_ANALYZER_NONNULL = YES;
				CLANG_CXX_LANGUAGE_STANDARD = "gnu++0x";
				CLANG_CXX_LIBRARY = "libc++";
				CLANG_ENABLE_MODULES = YES;
				CLANG_ENABLE_OBJC_ARC = YES;
				CLANG_WARN_BOOL_CONVERSION = YES;
				CLANG_WARN_CONSTANT_CONVERSION = YES;
				CLANG_WARN_DIRECT_OBJC_ISA_USAGE = YES_ERROR;
				CLANG_WARN_EMPTY_BODY = YES;
				CLANG_WARN_ENUM_CONVERSION = YES;
				CLANG_WARN_INT_CONVERSION = YES;
				CLANG_WARN_OBJC_ROOT_CLASS = YES_ERROR;
				CLANG_WARN_UNREACHABLE_CODE = YES;
				CLANG_WARN__DUPLICATE_METHOD_MATCH = YES;
				"CODE_SIGN_IDENTITY[sdk=iphoneos*]" = "iPhone Developer";
				COPY_PHASE_STRIP = NO;
				DEBUG_INFORMATION_FORMAT = dwarf;
				ENABLE_STRICT_OBJC_MSGSEND = YES;
				ENABLE_TESTABILITY = YES;
				GCC_C_LANGUAGE_STANDARD = gnu99;
				GCC_DYNAMIC_NO_PIC = NO;
				GCC_NO_COMMON_BLOCKS = YES;
				GCC_OPTIMIZATION_LEVEL = 0;
				GCC_PREPROCESSOR_DEFINITIONS = (
					"DEBUG=1",
					"$(inherited)",
				);
				GCC_WARN_64_TO_32_BIT_CONVERSION = YES;
				GCC_WARN_ABOUT_RETURN_TYPE = YES_ERROR;
				GCC_WARN_UNDECLARED_SELECTOR = YES;
				GCC_WARN_UNINITIALIZED_AUTOS = YES_AGGRESSIVE;
				GCC_WARN_UNUSED_FUNCTION = YES;
				GCC_WARN_UNUSED_VARIABLE = YES;
				IPHONEOS_DEPLOYMENT_TARGET = 9.3;
				MTL_ENABLE_DEBUG_INFO = YES;
				ONLY_ACTIVE_ARCH = YES;
				SDKROOT = iphoneos;
				SWIFT_OPTIMIZATION_LEVEL = "-Onone";
				TARGETED_DEVICE_FAMILY = "1,2";
			};
			name = Debug;
		};
		00F067011D656334003F5EAE /* Release */ = {
			isa = XCBuildConfiguration;
			buildSettings = {
				ALWAYS_SEARCH_USER_PATHS = NO;
				CLANG_ANALYZER_NONNULL = YES;
				CLANG_CXX_LANGUAGE_STANDARD = "gnu++0x";
				CLANG_CXX_LIBRARY = "libc++";
				CLANG_ENABLE_MODULES = YES;
				CLANG_ENABLE_OBJC_ARC = YES;
				CLANG_WARN_BOOL_CONVERSION = YES;
				CLANG_WARN_CONSTANT_CONVERSION = YES;
				CLANG_WARN_DIRECT_OBJC_ISA_USAGE = YES_ERROR;
				CLANG_WARN_EMPTY_BODY = YES;
				CLANG_WARN_ENUM_CONVERSION = YES;
				CLANG_WARN_INT_CONVERSION = YES;
				CLANG_WARN_OBJC_ROOT_CLASS = YES_ERROR;
				CLANG_WARN_UNREACHABLE_CODE = YES;
				CLANG_WARN__DUPLICATE_METHOD_MATCH = YES;
				"CODE_SIGN_IDENTITY[sdk=iphoneos*]" = "iPhone Developer";
				COPY_PHASE_STRIP = NO;
				DEBUG_INFORMATION_FORMAT = "dwarf-with-dsym";
				ENABLE_NS_ASSERTIONS = NO;
				ENABLE_STRICT_OBJC_MSGSEND = YES;
				GCC_C_LANGUAGE_STANDARD = gnu99;
				GCC_NO_COMMON_BLOCKS = YES;
				GCC_WARN_64_TO_32_BIT_CONVERSION = YES;
				GCC_WARN_ABOUT_RETURN_TYPE = YES_ERROR;
				GCC_WARN_UNDECLARED_SELECTOR = YES;
				GCC_WARN_UNINITIALIZED_AUTOS = YES_AGGRESSIVE;
				GCC_WARN_UNUSED_FUNCTION = YES;
				GCC_WARN_UNUSED_VARIABLE = YES;
				IPHONEOS_DEPLOYMENT_TARGET = 9.3;
				MTL_ENABLE_DEBUG_INFO = NO;
				SDKROOT = iphoneos;
				TARGETED_DEVICE_FAMILY = "1,2";
				VALIDATE_PRODUCT = YES;
			};
			name = Release;
		};
		00F067031D656334003F5EAE /* Debug */ = {
			isa = XCBuildConfiguration;
			baseConfigurationReference = B1942B52D2B1341201A8D69F /* Pods-tractwork.debug.xcconfig */;
			buildSettings = {
				ASSETCATALOG_COMPILER_APPICON_NAME = AppIcon;
				CODE_SIGN_IDENTITY = "iPhone Developer";
				"CODE_SIGN_IDENTITY[sdk=iphoneos*]" = "iPhone Developer";
				INFOPLIST_FILE = tractwork/Info.plist;
				LD_RUNPATH_SEARCH_PATHS = "$(inherited) @executable_path/Frameworks";
				PRODUCT_BUNDLE_IDENTIFIER = com.diligentagility.tractwork;
				PRODUCT_NAME = "$(TARGET_NAME)";
				PROVISIONING_PROFILE = "";
			};
			name = Debug;
		};
		00F067041D656334003F5EAE /* Release */ = {
			isa = XCBuildConfiguration;
			baseConfigurationReference = 095D54C0F201AEC4EA00893D /* Pods-tractwork.release.xcconfig */;
			buildSettings = {
				ASSETCATALOG_COMPILER_APPICON_NAME = AppIcon;
				CODE_SIGN_IDENTITY = "iPhone Developer";
				"CODE_SIGN_IDENTITY[sdk=iphoneos*]" = "iPhone Developer";
				INFOPLIST_FILE = tractwork/Info.plist;
				LD_RUNPATH_SEARCH_PATHS = "$(inherited) @executable_path/Frameworks";
				PRODUCT_BUNDLE_IDENTIFIER = com.diligentagility.tractwork;
				PRODUCT_NAME = "$(TARGET_NAME)";
				PROVISIONING_PROFILE = "";
			};
			name = Release;
		};
/* End XCBuildConfiguration section */

/* Begin XCConfigurationList section */
		00F066EB1D656333003F5EAE /* Build configuration list for PBXProject "tractwork" */ = {
			isa = XCConfigurationList;
			buildConfigurations = (
				00F067001D656334003F5EAE /* Debug */,
				00F067011D656334003F5EAE /* Release */,
			);
			defaultConfigurationIsVisible = 0;
			defaultConfigurationName = Release;
		};
		00F067021D656334003F5EAE /* Build configuration list for PBXNativeTarget "tractwork" */ = {
			isa = XCConfigurationList;
			buildConfigurations = (
				00F067031D656334003F5EAE /* Debug */,
				00F067041D656334003F5EAE /* Release */,
			);
			defaultConfigurationIsVisible = 0;
			defaultConfigurationName = Release;
		};
/* End XCConfigurationList section */
	};
	rootObject = 00F066E81D656333003F5EAE /* Project object */;
}
